// !$*UTF8*$!
{
	archiveVersion = 1;
	classes = {
	};
	objectVersion = 46;
	objects = {

/* Begin PBXBuildFile section */
		2873B4FB170F7DD300BAD9F7 /* CaseDetailsViewController.m in Sources */ = {isa = PBXBuildFile; fileRef = 2873B4FA170F7DD300BAD9F7 /* CaseDetailsViewController.m */; };
		28AFE676170F2E3C00364BA7 /* UIKit.framework in Frameworks */ = {isa = PBXBuildFile; fileRef = 28AFE675170F2E3C00364BA7 /* UIKit.framework */; };
		28AFE678170F2E3C00364BA7 /* Foundation.framework in Frameworks */ = {isa = PBXBuildFile; fileRef = 28AFE677170F2E3C00364BA7 /* Foundation.framework */; };
		28AFE67A170F2E3C00364BA7 /* CoreGraphics.framework in Frameworks */ = {isa = PBXBuildFile; fileRef = 28AFE679170F2E3C00364BA7 /* CoreGraphics.framework */; };
		28AFE680170F2E3C00364BA7 /* InfoPlist.strings in Resources */ = {isa = PBXBuildFile; fileRef = 28AFE67E170F2E3C00364BA7 /* InfoPlist.strings */; };
		28AFE682170F2E3C00364BA7 /* main.m in Sources */ = {isa = PBXBuildFile; fileRef = 28AFE681170F2E3C00364BA7 /* main.m */; };
		28AFE686170F2E3C00364BA7 /* InterviewAssistantAppDelegate.m in Sources */ = {isa = PBXBuildFile; fileRef = 28AFE685170F2E3C00364BA7 /* InterviewAssistantAppDelegate.m */; };
		28AFE688170F2E3C00364BA7 /* Default.png in Resources */ = {isa = PBXBuildFile; fileRef = 28AFE687170F2E3C00364BA7 /* Default.png */; };
		28AFE68A170F2E3C00364BA7 /* Default@2x.png in Resources */ = {isa = PBXBuildFile; fileRef = 28AFE689170F2E3C00364BA7 /* Default@2x.png */; };
		28AFE68C170F2E3C00364BA7 /* Default-568h@2x.png in Resources */ = {isa = PBXBuildFile; fileRef = 28AFE68B170F2E3C00364BA7 /* Default-568h@2x.png */; };
		28AFE694170F2E3C00364BA7 /* SenTestingKit.framework in Frameworks */ = {isa = PBXBuildFile; fileRef = 28AFE693170F2E3C00364BA7 /* SenTestingKit.framework */; };
		28AFE695170F2E3C00364BA7 /* UIKit.framework in Frameworks */ = {isa = PBXBuildFile; fileRef = 28AFE675170F2E3C00364BA7 /* UIKit.framework */; };
		28AFE696170F2E3C00364BA7 /* Foundation.framework in Frameworks */ = {isa = PBXBuildFile; fileRef = 28AFE677170F2E3C00364BA7 /* Foundation.framework */; };
		28AFE69E170F2E3C00364BA7 /* InfoPlist.strings in Resources */ = {isa = PBXBuildFile; fileRef = 28AFE69C170F2E3C00364BA7 /* InfoPlist.strings */; };
		28AFE6A1170F2E3C00364BA7 /* InterviewAssistantTests.m in Sources */ = {isa = PBXBuildFile; fileRef = 28AFE6A0170F2E3C00364BA7 /* InterviewAssistantTests.m */; };
		28AFE6AB170F2E9700364BA7 /* InterviewAssFlow.storyboard in Resources */ = {isa = PBXBuildFile; fileRef = 28AFE6AA170F2E9700364BA7 /* InterviewAssFlow.storyboard */; };
		28AFE6B1170F2FE800364BA7 /* LoginViewController.m in Sources */ = {isa = PBXBuildFile; fileRef = 28AFE6B0170F2FE800364BA7 /* LoginViewController.m */; };
		28AFE703170F345B00364BA7 /* button-grey.png in Resources */ = {isa = PBXBuildFile; fileRef = 28AFE6FD170F345B00364BA7 /* button-grey.png */; };
		28AFE704170F345B00364BA7 /* button-yellow.png in Resources */ = {isa = PBXBuildFile; fileRef = 28AFE6FE170F345B00364BA7 /* button-yellow.png */; };
		28AFE705170F345B00364BA7 /* button.png in Resources */ = {isa = PBXBuildFile; fileRef = 28AFE6FF170F345B00364BA7 /* button.png */; };
		28AFE706170F345B00364BA7 /* case-notes.png in Resources */ = {isa = PBXBuildFile; fileRef = 28AFE700170F345B00364BA7 /* case-notes.png */; };
		28AFE707170F345B00364BA7 /* new-record.png in Resources */ = {isa = PBXBuildFile; fileRef = 28AFE701170F345B00364BA7 /* new-record.png */; };
		28AFE708170F345B00364BA7 /* take-picture.png in Resources */ = {isa = PBXBuildFile; fileRef = 28AFE702170F345B00364BA7 /* take-picture.png */; };
		28AFE70D170F54AD00364BA7 /* CasesCollectionViewController.m in Sources */ = {isa = PBXBuildFile; fileRef = 28AFE70C170F54AD00364BA7 /* CasesCollectionViewController.m */; };
		28AFE70F170F557900364BA7 /* QuartzCore.framework in Frameworks */ = {isa = PBXBuildFile; fileRef = 28AFE70E170F557900364BA7 /* QuartzCore.framework */; };
		28AFE715170F59A100364BA7 /* CaseCell.m in Sources */ = {isa = PBXBuildFile; fileRef = 28AFE714170F59A000364BA7 /* CaseCell.m */; };
/* End PBXBuildFile section */

/* Begin PBXContainerItemProxy section */
		28AFE697170F2E3C00364BA7 /* PBXContainerItemProxy */ = {
			isa = PBXContainerItemProxy;
			containerPortal = 28AFE66A170F2E3C00364BA7 /* Project object */;
			proxyType = 1;
			remoteGlobalIDString = 28AFE671170F2E3C00364BA7;
			remoteInfo = InterviewAssistant;
		};
/* End PBXContainerItemProxy section */

/* Begin PBXFileReference section */
		2873B4F9170F7DD300BAD9F7 /* CaseDetailsViewController.h */ = {isa = PBXFileReference; fileEncoding = 4; lastKnownFileType = sourcecode.c.h; path = CaseDetailsViewController.h; sourceTree = "<group>"; };
		2873B4FA170F7DD300BAD9F7 /* CaseDetailsViewController.m */ = {isa = PBXFileReference; fileEncoding = 4; lastKnownFileType = sourcecode.c.objc; path = CaseDetailsViewController.m; sourceTree = "<group>"; };
		28AFE672170F2E3C00364BA7 /* InterviewAssistant.app */ = {isa = PBXFileReference; explicitFileType = wrapper.application; includeInIndex = 0; path = InterviewAssistant.app; sourceTree = BUILT_PRODUCTS_DIR; };
		28AFE675170F2E3C00364BA7 /* UIKit.framework */ = {isa = PBXFileReference; lastKnownFileType = wrapper.framework; name = UIKit.framework; path = System/Library/Frameworks/UIKit.framework; sourceTree = SDKROOT; };
		28AFE677170F2E3C00364BA7 /* Foundation.framework */ = {isa = PBXFileReference; lastKnownFileType = wrapper.framework; name = Foundation.framework; path = System/Library/Frameworks/Foundation.framework; sourceTree = SDKROOT; };
		28AFE679170F2E3C00364BA7 /* CoreGraphics.framework */ = {isa = PBXFileReference; lastKnownFileType = wrapper.framework; name = CoreGraphics.framework; path = System/Library/Frameworks/CoreGraphics.framework; sourceTree = SDKROOT; };
		28AFE67D170F2E3C00364BA7 /* InterviewAssistant-Info.plist */ = {isa = PBXFileReference; lastKnownFileType = text.plist.xml; path = "InterviewAssistant-Info.plist"; sourceTree = "<group>"; };
		28AFE67F170F2E3C00364BA7 /* en */ = {isa = PBXFileReference; lastKnownFileType = text.plist.strings; name = en; path = en.lproj/InfoPlist.strings; sourceTree = "<group>"; };
		28AFE681170F2E3C00364BA7 /* main.m */ = {isa = PBXFileReference; lastKnownFileType = sourcecode.c.objc; path = main.m; sourceTree = "<group>"; };
		28AFE683170F2E3C00364BA7 /* InterviewAssistant-Prefix.pch */ = {isa = PBXFileReference; lastKnownFileType = sourcecode.c.h; path = "InterviewAssistant-Prefix.pch"; sourceTree = "<group>"; };
		28AFE684170F2E3C00364BA7 /* InterviewAssistantAppDelegate.h */ = {isa = PBXFileReference; lastKnownFileType = sourcecode.c.h; path = InterviewAssistantAppDelegate.h; sourceTree = "<group>"; };
		28AFE685170F2E3C00364BA7 /* InterviewAssistantAppDelegate.m */ = {isa = PBXFileReference; lastKnownFileType = sourcecode.c.objc; path = InterviewAssistantAppDelegate.m; sourceTree = "<group>"; };
		28AFE687170F2E3C00364BA7 /* Default.png */ = {isa = PBXFileReference; lastKnownFileType = image.png; path = Default.png; sourceTree = "<group>"; };
		28AFE689170F2E3C00364BA7 /* Default@2x.png */ = {isa = PBXFileReference; lastKnownFileType = image.png; path = "Default@2x.png"; sourceTree = "<group>"; };
		28AFE68B170F2E3C00364BA7 /* Default-568h@2x.png */ = {isa = PBXFileReference; lastKnownFileType = image.png; path = "Default-568h@2x.png"; sourceTree = "<group>"; };
		28AFE692170F2E3C00364BA7 /* InterviewAssistantTests.octest */ = {isa = PBXFileReference; explicitFileType = wrapper.cfbundle; includeInIndex = 0; path = InterviewAssistantTests.octest; sourceTree = BUILT_PRODUCTS_DIR; };
		28AFE693170F2E3C00364BA7 /* SenTestingKit.framework */ = {isa = PBXFileReference; lastKnownFileType = wrapper.framework; name = SenTestingKit.framework; path = Library/Frameworks/SenTestingKit.framework; sourceTree = DEVELOPER_DIR; };
		28AFE69B170F2E3C00364BA7 /* InterviewAssistantTests-Info.plist */ = {isa = PBXFileReference; lastKnownFileType = text.plist.xml; path = "InterviewAssistantTests-Info.plist"; sourceTree = "<group>"; };
		28AFE69D170F2E3C00364BA7 /* en */ = {isa = PBXFileReference; lastKnownFileType = text.plist.strings; name = en; path = en.lproj/InfoPlist.strings; sourceTree = "<group>"; };
		28AFE69F170F2E3C00364BA7 /* InterviewAssistantTests.h */ = {isa = PBXFileReference; lastKnownFileType = sourcecode.c.h; path = InterviewAssistantTests.h; sourceTree = "<group>"; };
		28AFE6A0170F2E3C00364BA7 /* InterviewAssistantTests.m */ = {isa = PBXFileReference; lastKnownFileType = sourcecode.c.objc; path = InterviewAssistantTests.m; sourceTree = "<group>"; };
		28AFE6AA170F2E9700364BA7 /* InterviewAssFlow.storyboard */ = {isa = PBXFileReference; fileEncoding = 4; lastKnownFileType = file.storyboard; name = InterviewAssFlow.storyboard; path = Resources/InterviewAssFlow.storyboard; sourceTree = "<group>"; };
		28AFE6AF170F2FE800364BA7 /* LoginViewController.h */ = {isa = PBXFileReference; fileEncoding = 4; lastKnownFileType = sourcecode.c.h; path = LoginViewController.h; sourceTree = "<group>"; };
		28AFE6B0170F2FE800364BA7 /* LoginViewController.m */ = {isa = PBXFileReference; fileEncoding = 4; lastKnownFileType = sourcecode.c.objc; path = LoginViewController.m; sourceTree = "<group>"; };
		28AFE6FD170F345B00364BA7 /* button-grey.png */ = {isa = PBXFileReference; lastKnownFileType = image.png; path = "button-grey.png"; sourceTree = "<group>"; };
		28AFE6FE170F345B00364BA7 /* button-yellow.png */ = {isa = PBXFileReference; lastKnownFileType = image.png; path = "button-yellow.png"; sourceTree = "<group>"; };
		28AFE6FF170F345B00364BA7 /* button.png */ = {isa = PBXFileReference; lastKnownFileType = image.png; path = button.png; sourceTree = "<group>"; };
		28AFE700170F345B00364BA7 /* case-notes.png */ = {isa = PBXFileReference; lastKnownFileType = image.png; path = "case-notes.png"; sourceTree = "<group>"; };
		28AFE701170F345B00364BA7 /* new-record.png */ = {isa = PBXFileReference; lastKnownFileType = image.png; path = "new-record.png"; sourceTree = "<group>"; };
		28AFE702170F345B00364BA7 /* take-picture.png */ = {isa = PBXFileReference; lastKnownFileType = image.png; path = "take-picture.png"; sourceTree = "<group>"; };
		28AFE70B170F54AC00364BA7 /* CasesCollectionViewController.h */ = {isa = PBXFileReference; fileEncoding = 4; lastKnownFileType = sourcecode.c.h; path = CasesCollectionViewController.h; sourceTree = "<group>"; };
		28AFE70C170F54AD00364BA7 /* CasesCollectionViewController.m */ = {isa = PBXFileReference; fileEncoding = 4; lastKnownFileType = sourcecode.c.objc; path = CasesCollectionViewController.m; sourceTree = "<group>"; };
		28AFE70E170F557900364BA7 /* QuartzCore.framework */ = {isa = PBXFileReference; lastKnownFileType = wrapper.framework; name = QuartzCore.framework; path = System/Library/Frameworks/QuartzCore.framework; sourceTree = SDKROOT; };
		28AFE713170F59A000364BA7 /* CaseCell.h */ = {isa = PBXFileReference; fileEncoding = 4; lastKnownFileType = sourcecode.c.h; path = CaseCell.h; sourceTree = "<group>"; };
		28AFE714170F59A000364BA7 /* CaseCell.m */ = {isa = PBXFileReference; fileEncoding = 4; lastKnownFileType = sourcecode.c.objc; path = CaseCell.m; sourceTree = "<group>"; };
/* End PBXFileReference section */

/* Begin PBXFrameworksBuildPhase section */
		28AFE66F170F2E3C00364BA7 /* Frameworks */ = {
			isa = PBXFrameworksBuildPhase;
			buildActionMask = 2147483647;
			files = (
				28AFE70F170F557900364BA7 /* QuartzCore.framework in Frameworks */,
				28AFE676170F2E3C00364BA7 /* UIKit.framework in Frameworks */,
				28AFE678170F2E3C00364BA7 /* Foundation.framework in Frameworks */,
				28AFE67A170F2E3C00364BA7 /* CoreGraphics.framework in Frameworks */,
			);
			runOnlyForDeploymentPostprocessing = 0;
		};
		28AFE68E170F2E3C00364BA7 /* Frameworks */ = {
			isa = PBXFrameworksBuildPhase;
			buildActionMask = 2147483647;
			files = (
				28AFE694170F2E3C00364BA7 /* SenTestingKit.framework in Frameworks */,
				28AFE695170F2E3C00364BA7 /* UIKit.framework in Frameworks */,
				28AFE696170F2E3C00364BA7 /* Foundation.framework in Frameworks */,
			);
			runOnlyForDeploymentPostprocessing = 0;
		};
/* End PBXFrameworksBuildPhase section */

/* Begin PBXGroup section */
		28AFE669170F2E3C00364BA7 = {
			isa = PBXGroup;
			children = (
				28AFE67B170F2E3C00364BA7 /* InterviewAssistant */,
				28AFE699170F2E3C00364BA7 /* InterviewAssistantTests */,
				28AFE674170F2E3C00364BA7 /* Frameworks */,
				28AFE673170F2E3C00364BA7 /* Products */,
			);
			sourceTree = "<group>";
		};
		28AFE673170F2E3C00364BA7 /* Products */ = {
			isa = PBXGroup;
			children = (
				28AFE672170F2E3C00364BA7 /* InterviewAssistant.app */,
				28AFE692170F2E3C00364BA7 /* InterviewAssistantTests.octest */,
			);
			name = Products;
			sourceTree = "<group>";
		};
		28AFE674170F2E3C00364BA7 /* Frameworks */ = {
			isa = PBXGroup;
			children = (
				28AFE70E170F557900364BA7 /* QuartzCore.framework */,
				28AFE675170F2E3C00364BA7 /* UIKit.framework */,
				28AFE677170F2E3C00364BA7 /* Foundation.framework */,
				28AFE679170F2E3C00364BA7 /* CoreGraphics.framework */,
				28AFE693170F2E3C00364BA7 /* SenTestingKit.framework */,
			);
			name = Frameworks;
			sourceTree = "<group>";
		};
		28AFE67B170F2E3C00364BA7 /* InterviewAssistant */ = {
			isa = PBXGroup;
			children = (
				28AFE713170F59A000364BA7 /* CaseCell.h */,
				28AFE714170F59A000364BA7 /* CaseCell.m */,
				28AFE70B170F54AC00364BA7 /* CasesCollectionViewController.h */,
				28AFE70C170F54AD00364BA7 /* CasesCollectionViewController.m */,
				2873B4F9170F7DD300BAD9F7 /* CaseDetailsViewController.h */,
				2873B4FA170F7DD300BAD9F7 /* CaseDetailsViewController.m */,
				28AFE684170F2E3C00364BA7 /* InterviewAssistantAppDelegate.h */,
				28AFE685170F2E3C00364BA7 /* InterviewAssistantAppDelegate.m */,
				28AFE6AF170F2FE800364BA7 /* LoginViewController.h */,
				28AFE6B0170F2FE800364BA7 /* LoginViewController.m */,
				28AFE6AC170F2E9E00364BA7 /* Resources */,
				28AFE67C170F2E3C00364BA7 /* Supporting Files */,
			);
			path = InterviewAssistant;
			sourceTree = "<group>";
		};
		28AFE67C170F2E3C00364BA7 /* Supporting Files */ = {
			isa = PBXGroup;
			children = (
				28AFE67D170F2E3C00364BA7 /* InterviewAssistant-Info.plist */,
				28AFE67E170F2E3C00364BA7 /* InfoPlist.strings */,
				28AFE681170F2E3C00364BA7 /* main.m */,
				28AFE683170F2E3C00364BA7 /* InterviewAssistant-Prefix.pch */,
				28AFE687170F2E3C00364BA7 /* Default.png */,
				28AFE689170F2E3C00364BA7 /* Default@2x.png */,
				28AFE68B170F2E3C00364BA7 /* Default-568h@2x.png */,
			);
			name = "Supporting Files";
			sourceTree = "<group>";
		};
		28AFE699170F2E3C00364BA7 /* InterviewAssistantTests */ = {
			isa = PBXGroup;
			children = (
				28AFE69F170F2E3C00364BA7 /* InterviewAssistantTests.h */,
				28AFE6A0170F2E3C00364BA7 /* InterviewAssistantTests.m */,
				28AFE69A170F2E3C00364BA7 /* Supporting Files */,
			);
			path = InterviewAssistantTests;
			sourceTree = "<group>";
		};
		28AFE69A170F2E3C00364BA7 /* Supporting Files */ = {
			isa = PBXGroup;
			children = (
				28AFE69B170F2E3C00364BA7 /* InterviewAssistantTests-Info.plist */,
				28AFE69C170F2E3C00364BA7 /* InfoPlist.strings */,
			);
			name = "Supporting Files";
			sourceTree = "<group>";
		};
		28AFE6AC170F2E9E00364BA7 /* Resources */ = {
			isa = PBXGroup;
			children = (
				28AFE6FC170F341400364BA7 /* images */,
				28AFE6AA170F2E9700364BA7 /* InterviewAssFlow.storyboard */,
			);
			name = Resources;
			path = ..;
			sourceTree = "<group>";
		};
		28AFE6FC170F341400364BA7 /* images */ = {
			isa = PBXGroup;
			children = (
				28AFE6FD170F345B00364BA7 /* button-grey.png */,
				28AFE6FE170F345B00364BA7 /* button-yellow.png */,
				28AFE6FF170F345B00364BA7 /* button.png */,
				28AFE700170F345B00364BA7 /* case-notes.png */,
				28AFE701170F345B00364BA7 /* new-record.png */,
				28AFE702170F345B00364BA7 /* take-picture.png */,
			);
			name = images;
			sourceTree = "<group>";
		};
/* End PBXGroup section */

/* Begin PBXNativeTarget section */
		28AFE671170F2E3C00364BA7 /* InterviewAssistant */ = {
			isa = PBXNativeTarget;
			buildConfigurationList = 28AFE6A4170F2E3C00364BA7 /* Build configuration list for PBXNativeTarget "InterviewAssistant" */;
			buildPhases = (
				28AFE66E170F2E3C00364BA7 /* Sources */,
				28AFE66F170F2E3C00364BA7 /* Frameworks */,
				28AFE670170F2E3C00364BA7 /* Resources */,
			);
			buildRules = (
			);
			dependencies = (
			);
			name = InterviewAssistant;
			productName = InterviewAssistant;
			productReference = 28AFE672170F2E3C00364BA7 /* InterviewAssistant.app */;
			productType = "com.apple.product-type.application";
		};
		28AFE691170F2E3C00364BA7 /* InterviewAssistantTests */ = {
			isa = PBXNativeTarget;
			buildConfigurationList = 28AFE6A7170F2E3C00364BA7 /* Build configuration list for PBXNativeTarget "InterviewAssistantTests" */;
			buildPhases = (
				28AFE68D170F2E3C00364BA7 /* Sources */,
				28AFE68E170F2E3C00364BA7 /* Frameworks */,
				28AFE68F170F2E3C00364BA7 /* Resources */,
				28AFE690170F2E3C00364BA7 /* ShellScript */,
			);
			buildRules = (
			);
			dependencies = (
				28AFE698170F2E3C00364BA7 /* PBXTargetDependency */,
			);
			name = InterviewAssistantTests;
			productName = InterviewAssistantTests;
			productReference = 28AFE692170F2E3C00364BA7 /* InterviewAssistantTests.octest */;
			productType = "com.apple.product-type.bundle";
		};
/* End PBXNativeTarget section */

/* Begin PBXProject section */
		28AFE66A170F2E3C00364BA7 /* Project object */ = {
			isa = PBXProject;
			attributes = {
				CLASSPREFIX = InterviewAssistant;
				LastUpgradeCheck = 0460;
				ORGANIZATIONNAME = "Marc Henderson";
			};
			buildConfigurationList = 28AFE66D170F2E3C00364BA7 /* Build configuration list for PBXProject "InterviewAssistant" */;
			compatibilityVersion = "Xcode 3.2";
			developmentRegion = English;
			hasScannedForEncodings = 0;
			knownRegions = (
				en,
			);
			mainGroup = 28AFE669170F2E3C00364BA7;
			productRefGroup = 28AFE673170F2E3C00364BA7 /* Products */;
			projectDirPath = "";
			projectRoot = "";
			targets = (
				28AFE671170F2E3C00364BA7 /* InterviewAssistant */,
				28AFE691170F2E3C00364BA7 /* InterviewAssistantTests */,
			);
		};
/* End PBXProject section */

/* Begin PBXResourcesBuildPhase section */
		28AFE670170F2E3C00364BA7 /* Resources */ = {
			isa = PBXResourcesBuildPhase;
			buildActionMask = 2147483647;
			files = (
				28AFE680170F2E3C00364BA7 /* InfoPlist.strings in Resources */,
				28AFE688170F2E3C00364BA7 /* Default.png in Resources */,
				28AFE68A170F2E3C00364BA7 /* Default@2x.png in Resources */,
				28AFE68C170F2E3C00364BA7 /* Default-568h@2x.png in Resources */,
				28AFE6AB170F2E9700364BA7 /* InterviewAssFlow.storyboard in Resources */,
				28AFE703170F345B00364BA7 /* button-grey.png in Resources */,
				28AFE704170F345B00364BA7 /* button-yellow.png in Resources */,
				28AFE705170F345B00364BA7 /* button.png in Resources */,
				28AFE706170F345B00364BA7 /* case-notes.png in Resources */,
				28AFE707170F345B00364BA7 /* new-record.png in Resources */,
				28AFE708170F345B00364BA7 /* take-picture.png in Resources */,
			);
			runOnlyForDeploymentPostprocessing = 0;
		};
		28AFE68F170F2E3C00364BA7 /* Resources */ = {
			isa = PBXResourcesBuildPhase;
			buildActionMask = 2147483647;
			files = (
				28AFE69E170F2E3C00364BA7 /* InfoPlist.strings in Resources */,
			);
			runOnlyForDeploymentPostprocessing = 0;
		};
/* End PBXResourcesBuildPhase section */

/* Begin PBXShellScriptBuildPhase section */
		28AFE690170F2E3C00364BA7 /* ShellScript */ = {
			isa = PBXShellScriptBuildPhase;
			buildActionMask = 2147483647;
			files = (
			);
			inputPaths = (
			);
			outputPaths = (
			);
			runOnlyForDeploymentPostprocessing = 0;
			shellPath = /bin/sh;
			shellScript = "# Run the unit tests in this test bundle.\n\"${SYSTEM_DEVELOPER_DIR}/Tools/RunUnitTests\"\n";
		};
/* End PBXShellScriptBuildPhase section */

/* Begin PBXSourcesBuildPhase section */
		28AFE66E170F2E3C00364BA7 /* Sources */ = {
			isa = PBXSourcesBuildPhase;
			buildActionMask = 2147483647;
			files = (
				28AFE682170F2E3C00364BA7 /* main.m in Sources */,
				28AFE686170F2E3C00364BA7 /* InterviewAssistantAppDelegate.m in Sources */,
				28AFE6B1170F2FE800364BA7 /* LoginViewController.m in Sources */,
				28AFE70D170F54AD00364BA7 /* CasesCollectionViewController.m in Sources */,
				28AFE715170F59A100364BA7 /* CaseCell.m in Sources */,
				2873B4FB170F7DD300BAD9F7 /* CaseDetailsViewController.m in Sources */,
			);
			runOnlyForDeploymentPostprocessing = 0;
		};
		28AFE68D170F2E3C00364BA7 /* Sources */ = {
			isa = PBXSourcesBuildPhase;
			buildActionMask = 2147483647;
			files = (
				28AFE6A1170F2E3C00364BA7 /* InterviewAssistantTests.m in Sources */,
			);
			runOnlyForDeploymentPostprocessing = 0;
		};
/* End PBXSourcesBuildPhase section */

/* Begin PBXTargetDependency section */
		28AFE698170F2E3C00364BA7 /* PBXTargetDependency */ = {
			isa = PBXTargetDependency;
			target = 28AFE671170F2E3C00364BA7 /* InterviewAssistant */;
			targetProxy = 28AFE697170F2E3C00364BA7 /* PBXContainerItemProxy */;
		};
/* End PBXTargetDependency section */

/* Begin PBXVariantGroup section */
		28AFE67E170F2E3C00364BA7 /* InfoPlist.strings */ = {
			isa = PBXVariantGroup;
			children = (
				28AFE67F170F2E3C00364BA7 /* en */,
			);
			name = InfoPlist.strings;
			sourceTree = "<group>";
		};
		28AFE69C170F2E3C00364BA7 /* InfoPlist.strings */ = {
			isa = PBXVariantGroup;
			children = (
				28AFE69D170F2E3C00364BA7 /* en */,
			);
			name = InfoPlist.strings;
			sourceTree = "<group>";
		};
/* End PBXVariantGroup section */

/* Begin XCBuildConfiguration section */
		28AFE6A2170F2E3C00364BA7 /* Debug */ = {
			isa = XCBuildConfiguration;
			buildSettings = {
				ALWAYS_SEARCH_USER_PATHS = NO;
				CLANG_CXX_LANGUAGE_STANDARD = "gnu++0x";
				CLANG_CXX_LIBRARY = "libc++";
				CLANG_ENABLE_OBJC_ARC = YES;
				CLANG_WARN_CONSTANT_CONVERSION = YES;
				CLANG_WARN_EMPTY_BODY = YES;
				CLANG_WARN_ENUM_CONVERSION = YES;
				CLANG_WARN_INT_CONVERSION = YES;
				CLANG_WARN__DUPLICATE_METHOD_MATCH = YES;
				"CODE_SIGN_IDENTITY[sdk=iphoneos*]" = "iPhone Developer";
				COPY_PHASE_STRIP = NO;
				GCC_C_LANGUAGE_STANDARD = gnu99;
				GCC_DYNAMIC_NO_PIC = NO;
				GCC_OPTIMIZATION_LEVEL = 0;
				GCC_PREPROCESSOR_DEFINITIONS = (
					"DEBUG=1",
					"$(inherited)",
				);
				GCC_SYMBOLS_PRIVATE_EXTERN = NO;
				GCC_WARN_ABOUT_RETURN_TYPE = YES;
				GCC_WARN_UNINITIALIZED_AUTOS = YES;
				GCC_WARN_UNUSED_VARIABLE = YES;
				IPHONEOS_DEPLOYMENT_TARGET = 6.1;
				ONLY_ACTIVE_ARCH = YES;
				SDKROOT = iphoneos;
			};
			name = Debug;
		};
		28AFE6A3170F2E3C00364BA7 /* Release */ = {
			isa = XCBuildConfiguration;
			buildSettings = {
				ALWAYS_SEARCH_USER_PATHS = NO;
				CLANG_CXX_LANGUAGE_STANDARD = "gnu++0x";
				CLANG_CXX_LIBRARY = "libc++";
				CLANG_ENABLE_OBJC_ARC = YES;
				CLANG_WARN_CONSTANT_CONVERSION = YES;
				CLANG_WARN_EMPTY_BODY = YES;
				CLANG_WARN_ENUM_CONVERSION = YES;
				CLANG_WARN_INT_CONVERSION = YES;
				CLANG_WARN__DUPLICATE_METHOD_MATCH = YES;
				"CODE_SIGN_IDENTITY[sdk=iphoneos*]" = "iPhone Developer";
				COPY_PHASE_STRIP = YES;
				GCC_C_LANGUAGE_STANDARD = gnu99;
				GCC_WARN_ABOUT_RETURN_TYPE = YES;
				GCC_WARN_UNINITIALIZED_AUTOS = YES;
				GCC_WARN_UNUSED_VARIABLE = YES;
				IPHONEOS_DEPLOYMENT_TARGET = 6.1;
				OTHER_CFLAGS = "-DNS_BLOCK_ASSERTIONS=1";
				SDKROOT = iphoneos;
				VALIDATE_PRODUCT = YES;
			};
			name = Release;
		};
		28AFE6A5170F2E3C00364BA7 /* Debug */ = {
			isa = XCBuildConfiguration;
			buildSettings = {
				GCC_PRECOMPILE_PREFIX_HEADER = YES;
				GCC_PREFIX_HEADER = "InterviewAssistant/InterviewAssistant-Prefix.pch";
				INFOPLIST_FILE = "InterviewAssistant/InterviewAssistant-Info.plist";
				PRODUCT_NAME = "$(TARGET_NAME)";
				WRAPPER_EXTENSION = app;
			};
			name = Debug;
		};
		28AFE6A6170F2E3C00364BA7 /* Release */ = {
			isa = XCBuildConfiguration;
			buildSettings = {
				GCC_PRECOMPILE_PREFIX_HEADER = YES;
				GCC_PREFIX_HEADER = "InterviewAssistant/InterviewAssistant-Prefix.pch";
				INFOPLIST_FILE = "InterviewAssistant/InterviewAssistant-Info.plist";
				PRODUCT_NAME = "$(TARGET_NAME)";
				WRAPPER_EXTENSION = app;
			};
			name = Release;
		};
		28AFE6A8170F2E3C00364BA7 /* Debug */ = {
			isa = XCBuildConfiguration;
			buildSettings = {
				BUNDLE_LOADER = "$(BUILT_PRODUCTS_DIR)/InterviewAssistant.app/InterviewAssistant";
				FRAMEWORK_SEARCH_PATHS = (
					"\"$(SDKROOT)/Developer/Library/Frameworks\"",
					"\"$(DEVELOPER_LIBRARY_DIR)/Frameworks\"",
				);
				GCC_PRECOMPILE_PREFIX_HEADER = YES;
				GCC_PREFIX_HEADER = "InterviewAssistant/InterviewAssistant-Prefix.pch";
				INFOPLIST_FILE = "InterviewAssistantTests/InterviewAssistantTests-Info.plist";
				PRODUCT_NAME = "$(TARGET_NAME)";
				TEST_HOST = "$(BUNDLE_LOADER)";
				WRAPPER_EXTENSION = octest;
			};
			name = Debug;
		};
		28AFE6A9170F2E3C00364BA7 /* Release */ = {
			isa = XCBuildConfiguration;
			buildSettings = {
				BUNDLE_LOADER = "$(BUILT_PRODUCTS_DIR)/InterviewAssistant.app/InterviewAssistant";
				FRAMEWORK_SEARCH_PATHS = (
					"\"$(SDKROOT)/Developer/Library/Frameworks\"",
					"\"$(DEVELOPER_LIBRARY_DIR)/Frameworks\"",
				);
				GCC_PRECOMPILE_PREFIX_HEADER = YES;
				GCC_PREFIX_HEADER = "InterviewAssistant/InterviewAssistant-Prefix.pch";
				INFOPLIST_FILE = "InterviewAssistantTests/InterviewAssistantTests-Info.plist";
				PRODUCT_NAME = "$(TARGET_NAME)";
				TEST_HOST = "$(BUNDLE_LOADER)";
				WRAPPER_EXTENSION = octest;
			};
			name = Release;
		};
/* End XCBuildConfiguration section */

/* Begin XCConfigurationList section */
		28AFE66D170F2E3C00364BA7 /* Build configuration list for PBXProject "InterviewAssistant" */ = {
			isa = XCConfigurationList;
			buildConfigurations = (
				28AFE6A2170F2E3C00364BA7 /* Debug */,
				28AFE6A3170F2E3C00364BA7 /* Release */,
			);
			defaultConfigurationIsVisible = 0;
			defaultConfigurationName = Release;
		};
		28AFE6A4170F2E3C00364BA7 /* Build configuration list for PBXNativeTarget "InterviewAssistant" */ = {
			isa = XCConfigurationList;
			buildConfigurations = (
				28AFE6A5170F2E3C00364BA7 /* Debug */,
				28AFE6A6170F2E3C00364BA7 /* Release */,
			);
			defaultConfigurationIsVisible = 0;
			defaultConfigurationName = Release;
		};
		28AFE6A7170F2E3C00364BA7 /* Build configuration list for PBXNativeTarget "InterviewAssistantTests" */ = {
			isa = XCConfigurationList;
			buildConfigurations = (
				28AFE6A8170F2E3C00364BA7 /* Debug */,
				28AFE6A9170F2E3C00364BA7 /* Release */,
			);
			defaultConfigurationIsVisible = 0;
			defaultConfigurationName = Release;
		};
/* End XCConfigurationList section */
	};
	rootObject = 28AFE66A170F2E3C00364BA7 /* Project object */;
}
